{
  "name": "package-with-gyp-dependency-lacking-install-script",
  "version": "1.0.0",
  "lockfileVersion": 1,
  "requires": true,
  "dependencies": {
    "node-gyp-hello-world": {
      "version": "1.0.0",
      "resolved": "https://registry.npmjs.org/node-gyp-hello-world/-/node-gyp-hello-world-1.0.0.tgz",
      "integrity": "sha512-gQLB9vISQA2107TAmd4lZeQHJTSbjRN3ys58UdDuR2YVY1wKN1lerZqK48GlpTPvaeY97LGeIJUjco1sQTPf3g=="
    }
  }
}
